# This file is autogenerated, do not edit; changes may be undone by the next 'dep ensure'.


[[projects]]
  name = "github.com/bmatcuk/doublestar"
  packages = ["."]
  revision = "b3608229437ba4dc33dae64d56a79a2a73f1f6b2"
  version = "v1.0.9"

[[projects]]
  branch = "master"
  name = "github.com/charlievieth/fs"
  packages = ["."]
  revision = "7dc373669fa10ddf827c37c595dee30a2f001be9"

[[projects]]
  name = "github.com/cloudfoundry/bosh-cli"
  packages = ["director/template"]
  revision = "d20879988632b019eb3f195cced2afb2b3eedabb"
  version = "v2.0.45"

[[projects]]
  branch = "master"
  name = "github.com/cloudfoundry/bosh-utils"
  packages = ["errors","logger","system"]
  revision = "1a26ad52ff67437229527c43d17254e2a9dffcc6"

[[projects]]
  branch = "master"
  name = "github.com/cppforlife/go-patch"
  packages = ["patch"]
  revision = "250da0e0e68ce3367b4302f34218f6c064eb9559"

[[projects]]
  branch = "v2"
  name = "gopkg.in/yaml.v2"
  packages = ["."]
  revision = "287cf08546ab5e7e37d55a84f7ed3fd1db036de5"

[solve-meta]
  analyzer-name = "dep"
  analyzer-version = 1
  inputs-digest = "c44cb747df6f62158f2be6f39bc6ccfb4daa9141edb141b86f863c1ad143af77"
  solver-name = "gps-cdcl"
  solver-version = 1
